
Microsoft Visual Studio Solution File, Format Version 12.00
# Visual Studio 15
VisualStudioVersion = 15.0.27004.2006
MinimumVisualStudioVersion = 10.0.40219.1
Project("{8BC9CEB8-8B4A-11D0-8D11-00A0C91BC942}") = "Project115", "Project115\Project115.vcxproj", "{7B506C50-4858-4778-969D-BC9CD0C68BAE}"
EndProject
Global
	GlobalSection(SolutionConfigurationPlatforms) = preSolution
		Debug|x64 = Debug|x64
		Debug|x86 = Debug|x86
		Release|x64 = Release|x64
		Release|x86 = Release|x86
	EndGlobalSection
	GlobalSection(ProjectConfigurationPlatforms) = postSolution
		{7B506C50-4858-4778-969D-BC9CD0C68BAE}.Debug|x64.ActiveCfg = Debug|x64
		{7B506C50-4858-4778-969D-BC9CD0C68BAE}.Debug|x64.Build.0 = Debug|x64
		{7B506C50-4858-4778-969D-BC9CD0C68BAE}.Debug|x86.ActiveCfg = Debug|Win32
		{7B506C50-4858-4778-969D-BC9CD0C68BAE}.Debug|x86.Build.0 = Debug|Win32
		{7B506C50-4858-4778-969D-BC9CD0C68BAE}.Release|x64.ActiveCfg = Release|x64
		{7B506C50-4858-4778-969D-BC9CD0C68BAE}.Release|x64.Build.0 = Release|x64
		{7B506C50-4858-4778-969D-BC9CD0C68BAE}.Release|x86.ActiveCfg = Release|Win32
		{7B506C50-4858-4778-969D-BC9CD0C68BAE}.Release|x86.Build.0 = Release|Win32
	EndGlobalSection
	GlobalSection(SolutionProperties) = preSolution
		HideSolutionNode = FALSE
	EndGlobalSection
	GlobalSection(ExtensibilityGlobals) = postSolution
		SolutionGuid = {B8F61CE3-A27E-47B0-91B4-10ECDA206AE8}
	EndGlobalSection
EndGlobal
